{
  "name": "naming-assets-plugin",
  "version": "1.0.0",
  "lockfileVersion": 3,
  "requires": true,
  "packages": {
    "": {
      "name": "naming-assets-plugin",
      "version": "1.0.0",
      "license": "ISC",
      "devDependencies": {
        "@figma/plugin-typings": "^1.117.1"
      }
    },
    "node_modules/@figma/plugin-typings": {
      "version": "1.117.1",
      "resolved": "https://registry.npmjs.org/@figma/plugin-typings/-/plugin-typings-1.117.1.tgz",
      "integrity": "sha512-YrPuZhXDH6naMxQrdrf4+E6aSstkkvv7pVHl9VTeoqkFTGptqw9BbhMSb7jPnT9+elLsRdZVKvWMwcBlyB3OhQ==",
      "dev": true,
      "license": "MIT License"
    }
  }
}
